
Microsoft Visual Studio Solution File, Format Version 12.00
# Visual Studio Version 17
VisualStudioVersion = 17.7.34031.279
MinimumVisualStudioVersion = 10.0.40219.1
Project("{FAE04EC0-301F-11D3-BF4B-00C04F79EFBC}") = "peselDecipher", "peselDecipher\peselDecipher.csproj", "{3C2CA094-18D0-4F51-B8B9-EBD6FBB05073}"
EndProject
Global
	GlobalSection(SolutionConfigurationPlatforms) = preSolution
		Debug|Any CPU = Debug|Any CPU
		Release|Any CPU = Release|Any CPU
	EndGlobalSection
	GlobalSection(ProjectConfigurationPlatforms) = postSolution
		{3C2CA094-18D0-4F51-B8B9-EBD6FBB05073}.Debug|Any CPU.ActiveCfg = Debug|Any CPU
		{3C2CA094-18D0-4F51-B8B9-EBD6FBB05073}.Debug|Any CPU.Build.0 = Debug|Any CPU
		{3C2CA094-18D0-4F51-B8B9-EBD6FBB05073}.Release|Any CPU.ActiveCfg = Release|Any CPU
		{3C2CA094-18D0-4F51-B8B9-EBD6FBB05073}.Release|Any CPU.Build.0 = Release|Any CPU
	EndGlobalSection
	GlobalSection(SolutionProperties) = preSolution
		HideSolutionNode = FALSE
	EndGlobalSection
	GlobalSection(ExtensibilityGlobals) = postSolution
		SolutionGuid = {5BE50CE2-4D83-46A0-A8A6-5DAAC3D54107}
	EndGlobalSection
EndGlobal
